// !$*UTF8*$!
{
	archiveVersion = 1;
	classes = {
	};
	objectVersion = 56;
	objects = {

/* Begin PBXBuildFile section */
		38257ECD2C4EB84B00D3256F /* MapMacosApp.swift in Sources */ = {isa = PBXBuildFile; fileRef = 38257ECC2C4EB84B00D3256F /* MapMacosApp.swift */; };
		38257ED12C4EB84C00D3256F /* Assets.xcassets in Resources */ = {isa = PBXBuildFile; fileRef = 38257ED02C4EB84C00D3256F /* Assets.xcassets */; };
		38257ED42C4EB84C00D3256F /* Preview Assets.xcassets in Resources */ = {isa = PBXBuildFile; fileRef = 38257ED32C4EB84C00D3256F /* Preview Assets.xcassets */; };
		38257EDD2C4EB89B00D3256F /* HomeScreen.swift in Sources */ = {isa = PBXBuildFile; fileRef = 38257EDC2C4EB89B00D3256F /* HomeScreen.swift */; };
		38257EE02C4EB94100D3256F /* SideBar.swift in Sources */ = {isa = PBXBuildFile; fileRef = 38257EDF2C4EB94100D3256F /* SideBar.swift */; };
		38257EE22C4EB95200D3256F /* MapDetail.swift in Sources */ = {isa = PBXBuildFile; fileRef = 38257EE12C4EB95200D3256F /* MapDetail.swift */; };
		38257EE52C4EBC5500D3256F /* LocationManager.swift in Sources */ = {isa = PBXBuildFile; fileRef = 38257EE42C4EBC5500D3256F /* LocationManager.swift */; };
		38257EE72C4EC97500D3256F /* SearchResultsList.swift in Sources */ = {isa = PBXBuildFile; fileRef = 38257EE62C4EC97500D3256F /* SearchResultsList.swift */; };
		38257EEA2C4ECB3400D3256F /* SearchResultsViewModel.swift in Sources */ = {isa = PBXBuildFile; fileRef = 38257EE92C4ECB3400D3256F /* SearchResultsViewModel.swift */; };
		38257EED2C4ED30A00D3256F /* PlaceAnnotation.swift in Sources */ = {isa = PBXBuildFile; fileRef = 38257EEC2C4ED30A00D3256F /* PlaceAnnotation.swift */; };
		38433C2D2C582DD0009EE906 /* MarkerPopoverView.swift in Sources */ = {isa = PBXBuildFile; fileRef = 38433C2C2C582DD0009EE906 /* MarkerPopoverView.swift */; };
		38433C2F2C58352C009EE906 /* MarkerImageView.swift in Sources */ = {isa = PBXBuildFile; fileRef = 38433C2E2C58352C009EE906 /* MarkerImageView.swift */; };
		38433C312C585843009EE906 /* SearchListCellView.swift in Sources */ = {isa = PBXBuildFile; fileRef = 38433C302C585843009EE906 /* SearchListCellView.swift */; };
/* End PBXBuildFile section */

/* Begin PBXFileReference section */
		38257EC92C4EB84B00D3256F /* map-app-macos.app */ = {isa = PBXFileReference; explicitFileType = wrapper.application; includeInIndex = 0; path = "map-app-macos.app"; sourceTree = BUILT_PRODUCTS_DIR; };
		38257ECC2C4EB84B00D3256F /* MapMacosApp.swift */ = {isa = PBXFileReference; lastKnownFileType = sourcecode.swift; path = MapMacosApp.swift; sourceTree = "<group>"; };
		38257ED02C4EB84C00D3256F /* Assets.xcassets */ = {isa = PBXFileReference; lastKnownFileType = folder.assetcatalog; path = Assets.xcassets; sourceTree = "<group>"; };
		38257ED32C4EB84C00D3256F /* Preview Assets.xcassets */ = {isa = PBXFileReference; lastKnownFileType = folder.assetcatalog; path = "Preview Assets.xcassets"; sourceTree = "<group>"; };
		38257ED52C4EB84C00D3256F /* map_app_macos.entitlements */ = {isa = PBXFileReference; lastKnownFileType = text.plist.entitlements; path = map_app_macos.entitlements; sourceTree = "<group>"; };
		38257EDC2C4EB89B00D3256F /* HomeScreen.swift */ = {isa = PBXFileReference; lastKnownFileType = sourcecode.swift; path = HomeScreen.swift; sourceTree = "<group>"; };
		38257EDF2C4EB94100D3256F /* SideBar.swift */ = {isa = PBXFileReference; lastKnownFileType = sourcecode.swift; path = SideBar.swift; sourceTree = "<group>"; };
		38257EE12C4EB95200D3256F /* MapDetail.swift */ = {isa = PBXFileReference; lastKnownFileType = sourcecode.swift; path = MapDetail.swift; sourceTree = "<group>"; };
		38257EE42C4EBC5500D3256F /* LocationManager.swift */ = {isa = PBXFileReference; lastKnownFileType = sourcecode.swift; path = LocationManager.swift; sourceTree = "<group>"; };
		38257EE62C4EC97500D3256F /* SearchResultsList.swift */ = {isa = PBXFileReference; lastKnownFileType = sourcecode.swift; path = SearchResultsList.swift; sourceTree = "<group>"; };
		38257EE92C4ECB3400D3256F /* SearchResultsViewModel.swift */ = {isa = PBXFileReference; lastKnownFileType = sourcecode.swift; path = SearchResultsViewModel.swift; sourceTree = "<group>"; };
		38257EEC2C4ED30A00D3256F /* PlaceAnnotation.swift */ = {isa = PBXFileReference; lastKnownFileType = sourcecode.swift; path = PlaceAnnotation.swift; sourceTree = "<group>"; };
		38433C2C2C582DD0009EE906 /* MarkerPopoverView.swift */ = {isa = PBXFileReference; lastKnownFileType = sourcecode.swift; path = MarkerPopoverView.swift; sourceTree = "<group>"; };
		38433C2E2C58352C009EE906 /* MarkerImageView.swift */ = {isa = PBXFileReference; lastKnownFileType = sourcecode.swift; path = MarkerImageView.swift; sourceTree = "<group>"; };
		38433C302C585843009EE906 /* SearchListCellView.swift */ = {isa = PBXFileReference; lastKnownFileType = sourcecode.swift; path = SearchListCellView.swift; sourceTree = "<group>"; };
/* End PBXFileReference section */

/* Begin PBXFrameworksBuildPhase section */
		38257EC62C4EB84B00D3256F /* Frameworks */ = {
			isa = PBXFrameworksBuildPhase;
			buildActionMask = 2147483647;
			files = (
			);
			runOnlyForDeploymentPostprocessing = 0;
		};
/* End PBXFrameworksBuildPhase section */

/* Begin PBXGroup section */
		38257EC02C4EB84B00D3256F = {
			isa = PBXGroup;
			children = (
				38257ECB2C4EB84B00D3256F /* map-app-macos */,
				38257ECA2C4EB84B00D3256F /* Products */,
			);
			sourceTree = "<group>";
		};
		38257ECA2C4EB84B00D3256F /* Products */ = {
			isa = PBXGroup;
			children = (
				38257EC92C4EB84B00D3256F /* map-app-macos.app */,
			);
			name = Products;
			sourceTree = "<group>";
		};
		38257ECB2C4EB84B00D3256F /* map-app-macos */ = {
			isa = PBXGroup;
			children = (
				38257EEB2C4ED2F500D3256F /* Annotations */,
				38257EE82C4ECB1D00D3256F /* View Models */,
				38257EE32C4EBC4400D3256F /* Managers */,
				38257EDE2C4EB93400D3256F /* Views */,
				38257EDB2C4EB88C00D3256F /* Screens */,
				38257ECC2C4EB84B00D3256F /* MapMacosApp.swift */,
				38257ED02C4EB84C00D3256F /* Assets.xcassets */,
				38257ED52C4EB84C00D3256F /* map_app_macos.entitlements */,
				38257ED22C4EB84C00D3256F /* Preview Content */,
			);
			path = "map-app-macos";
			sourceTree = "<group>";
		};
		38257ED22C4EB84C00D3256F /* Preview Content */ = {
			isa = PBXGroup;
			children = (
				38257ED32C4EB84C00D3256F /* Preview Assets.xcassets */,
			);
			path = "Preview Content";
			sourceTree = "<group>";
		};
		38257EDB2C4EB88C00D3256F /* Screens */ = {
			isa = PBXGroup;
			children = (
				38257EDC2C4EB89B00D3256F /* HomeScreen.swift */,
			);
			path = Screens;
			sourceTree = "<group>";
		};
		38257EDE2C4EB93400D3256F /* Views */ = {
			isa = PBXGroup;
			children = (
				38257EDF2C4EB94100D3256F /* SideBar.swift */,
				38257EE12C4EB95200D3256F /* MapDetail.swift */,
				38257EE62C4EC97500D3256F /* SearchResultsList.swift */,
				38433C302C585843009EE906 /* SearchListCellView.swift */,
				38433C2C2C582DD0009EE906 /* MarkerPopoverView.swift */,
				38433C2E2C58352C009EE906 /* MarkerImageView.swift */,
			);
			path = Views;
			sourceTree = "<group>";
		};
		38257EE32C4EBC4400D3256F /* Managers */ = {
			isa = PBXGroup;
			children = (
				38257EE42C4EBC5500D3256F /* LocationManager.swift */,
			);
			path = Managers;
			sourceTree = "<group>";
		};
		38257EE82C4ECB1D00D3256F /* View Models */ = {
			isa = PBXGroup;
			children = (
				38257EE92C4ECB3400D3256F /* SearchResultsViewModel.swift */,
			);
			path = "View Models";
			sourceTree = "<group>";
		};
		38257EEB2C4ED2F500D3256F /* Annotations */ = {
			isa = PBXGroup;
			children = (
				38257EEC2C4ED30A00D3256F /* PlaceAnnotation.swift */,
			);
			path = Annotations;
			sourceTree = "<group>";
		};
/* End PBXGroup section */

/* Begin PBXNativeTarget section */
		38257EC82C4EB84B00D3256F /* map-app-macos */ = {
			isa = PBXNativeTarget;
			buildConfigurationList = 38257ED82C4EB84C00D3256F /* Build configuration list for PBXNativeTarget "map-app-macos" */;
			buildPhases = (
				38257EC52C4EB84B00D3256F /* Sources */,
				38257EC62C4EB84B00D3256F /* Frameworks */,
				38257EC72C4EB84B00D3256F /* Resources */,
				38AEA2DB2C5A0016006454C5 /* ShellScript */,
			);
			buildRules = (
			);
			dependencies = (
			);
			name = "map-app-macos";
			productName = "map-app-macos";
			productReference = 38257EC92C4EB84B00D3256F /* map-app-macos.app */;
			productType = "com.apple.product-type.application";
		};
/* End PBXNativeTarget section */

/* Begin PBXProject section */
		38257EC12C4EB84B00D3256F /* Project object */ = {
			isa = PBXProject;
			attributes = {
				BuildIndependentTargetsInParallel = 1;
				LastSwiftUpdateCheck = 1540;
				LastUpgradeCheck = 1540;
				TargetAttributes = {
					38257EC82C4EB84B00D3256F = {
						CreatedOnToolsVersion = 15.4;
					};
				};
			};
			buildConfigurationList = 38257EC42C4EB84B00D3256F /* Build configuration list for PBXProject "map-app-macos" */;
			compatibilityVersion = "Xcode 14.0";
			developmentRegion = en;
			hasScannedForEncodings = 0;
			knownRegions = (
				en,
				Base,
			);
			mainGroup = 38257EC02C4EB84B00D3256F;
			productRefGroup = 38257ECA2C4EB84B00D3256F /* Products */;
			projectDirPath = "";
			projectRoot = "";
			targets = (
				38257EC82C4EB84B00D3256F /* map-app-macos */,
			);
		};
/* End PBXProject section */

/* Begin PBXResourcesBuildPhase section */
		38257EC72C4EB84B00D3256F /* Resources */ = {
			isa = PBXResourcesBuildPhase;
			buildActionMask = 2147483647;
			files = (
				38257ED42C4EB84C00D3256F /* Preview Assets.xcassets in Resources */,
				38257ED12C4EB84C00D3256F /* Assets.xcassets in Resources */,
			);
			runOnlyForDeploymentPostprocessing = 0;
		};
/* End PBXResourcesBuildPhase section */

/* Begin PBXShellScriptBuildPhase section */
		38AEA2DB2C5A0016006454C5 /* ShellScript */ = {
			isa = PBXShellScriptBuildPhase;
			buildActionMask = 2147483647;
			files = (
			);
			inputFileListPaths = (
			);
			inputPaths = (
			);
			outputFileListPaths = (
			);
			outputPaths = (
			);
			runOnlyForDeploymentPostprocessing = 0;
			shellPath = /bin/sh;
			shellScript = "if command -v swiftlint >/dev/null 2>&1\nthen\n    swiftlint\nelse\n    echo \"warning: `swiftlint` command not found - See https://github.com/realm/SwiftLint#installation for installation instructions.\"\nfi\n";
		};
/* End PBXShellScriptBuildPhase section */

/* Begin PBXSourcesBuildPhase section */
		38257EC52C4EB84B00D3256F /* Sources */ = {
			isa = PBXSourcesBuildPhase;
			buildActionMask = 2147483647;
			files = (
				38257EE72C4EC97500D3256F /* SearchResultsList.swift in Sources */,
				38257EED2C4ED30A00D3256F /* PlaceAnnotation.swift in Sources */,
				38433C2F2C58352C009EE906 /* MarkerImageView.swift in Sources */,
				38257ECD2C4EB84B00D3256F /* MapMacosApp.swift in Sources */,
				38433C2D2C582DD0009EE906 /* MarkerPopoverView.swift in Sources */,
				38257EEA2C4ECB3400D3256F /* SearchResultsViewModel.swift in Sources */,
				38257EE52C4EBC5500D3256F /* LocationManager.swift in Sources */,
				38433C312C585843009EE906 /* SearchListCellView.swift in Sources */,
				38257EE02C4EB94100D3256F /* SideBar.swift in Sources */,
				38257EDD2C4EB89B00D3256F /* HomeScreen.swift in Sources */,
				38257EE22C4EB95200D3256F /* MapDetail.swift in Sources */,
			);
			runOnlyForDeploymentPostprocessing = 0;
		};
/* End PBXSourcesBuildPhase section */

/* Begin XCBuildConfiguration section */
		38257ED62C4EB84C00D3256F /* Debug */ = {
			isa = XCBuildConfiguration;
			buildSettings = {
				ALWAYS_SEARCH_USER_PATHS = NO;
				ASSETCATALOG_COMPILER_GENERATE_SWIFT_ASSET_SYMBOL_EXTENSIONS = YES;
				CLANG_ANALYZER_NONNULL = YES;
				CLANG_ANALYZER_NUMBER_OBJECT_CONVERSION = YES_AGGRESSIVE;
				CLANG_CXX_LANGUAGE_STANDARD = "gnu++20";
				CLANG_ENABLE_MODULES = YES;
				CLANG_ENABLE_OBJC_ARC = YES;
				CLANG_ENABLE_OBJC_WEAK = YES;
				CLANG_WARN_BLOCK_CAPTURE_AUTORELEASING = YES;
				CLANG_WARN_BOOL_CONVERSION = YES;
				CLANG_WARN_COMMA = YES;
				CLANG_WARN_CONSTANT_CONVERSION = YES;
				CLANG_WARN_DEPRECATED_OBJC_IMPLEMENTATIONS = YES;
				CLANG_WARN_DIRECT_OBJC_ISA_USAGE = YES_ERROR;
				CLANG_WARN_DOCUMENTATION_COMMENTS = YES;
				CLANG_WARN_EMPTY_BODY = YES;
				CLANG_WARN_ENUM_CONVERSION = YES;
				CLANG_WARN_INFINITE_RECURSION = YES;
				CLANG_WARN_INT_CONVERSION = YES;
				CLANG_WARN_NON_LITERAL_NULL_CONVERSION = YES;
				CLANG_WARN_OBJC_IMPLICIT_RETAIN_SELF = YES;
				CLANG_WARN_OBJC_LITERAL_CONVERSION = YES;
				CLANG_WARN_OBJC_ROOT_CLASS = YES_ERROR;
				CLANG_WARN_QUOTED_INCLUDE_IN_FRAMEWORK_HEADER = YES;
				CLANG_WARN_RANGE_LOOP_ANALYSIS = YES;
				CLANG_WARN_STRICT_PROTOTYPES = YES;
				CLANG_WARN_SUSPICIOUS_MOVE = YES;
				CLANG_WARN_UNGUARDED_AVAILABILITY = YES_AGGRESSIVE;
				CLANG_WARN_UNREACHABLE_CODE = YES;
				CLANG_WARN__DUPLICATE_METHOD_MATCH = YES;
				COPY_PHASE_STRIP = NO;
				DEBUG_INFORMATION_FORMAT = dwarf;
				ENABLE_STRICT_OBJC_MSGSEND = YES;
				ENABLE_TESTABILITY = YES;
				ENABLE_USER_SCRIPT_SANDBOXING = YES;
				GCC_C_LANGUAGE_STANDARD = gnu17;
				GCC_DYNAMIC_NO_PIC = NO;
				GCC_NO_COMMON_BLOCKS = YES;
				GCC_OPTIMIZATION_LEVEL = 0;
				GCC_PREPROCESSOR_DEFINITIONS = (
					"DEBUG=1",
					"$(inherited)",
				);
				GCC_WARN_64_TO_32_BIT_CONVERSION = YES;
				GCC_WARN_ABOUT_RETURN_TYPE = YES_ERROR;
				GCC_WARN_UNDECLARED_SELECTOR = YES;
				GCC_WARN_UNINITIALIZED_AUTOS = YES_AGGRESSIVE;
				GCC_WARN_UNUSED_FUNCTION = YES;
				GCC_WARN_UNUSED_VARIABLE = YES;
				LOCALIZATION_PREFERS_STRING_CATALOGS = YES;
				MACOSX_DEPLOYMENT_TARGET = 14.4;
				MTL_ENABLE_DEBUG_INFO = INCLUDE_SOURCE;
				MTL_FAST_MATH = YES;
				ONLY_ACTIVE_ARCH = YES;
				SDKROOT = macosx;
				SWIFT_ACTIVE_COMPILATION_CONDITIONS = "DEBUG $(inherited)";
				SWIFT_OPTIMIZATION_LEVEL = "-Onone";
			};
			name = Debug;
		};
		38257ED72C4EB84C00D3256F /* Release */ = {
			isa = XCBuildConfiguration;
			buildSettings = {
				ALWAYS_SEARCH_USER_PATHS = NO;
				ASSETCATALOG_COMPILER_GENERATE_SWIFT_ASSET_SYMBOL_EXTENSIONS = YES;
				CLANG_ANALYZER_NONNULL = YES;
				CLANG_ANALYZER_NUMBER_OBJECT_CONVERSION = YES_AGGRESSIVE;
				CLANG_CXX_LANGUAGE_STANDARD = "gnu++20";
				CLANG_ENABLE_MODULES = YES;
				CLANG_ENABLE_OBJC_ARC = YES;
				CLANG_ENABLE_OBJC_WEAK = YES;
				CLANG_WARN_BLOCK_CAPTURE_AUTORELEASING = YES;
				CLANG_WARN_BOOL_CONVERSION = YES;
				CLANG_WARN_COMMA = YES;
				CLANG_WARN_CONSTANT_CONVERSION = YES;
				CLANG_WARN_DEPRECATED_OBJC_IMPLEMENTATIONS = YES;
				CLANG_WARN_DIRECT_OBJC_ISA_USAGE = YES_ERROR;
				CLANG_WARN_DOCUMENTATION_COMMENTS = YES;
				CLANG_WARN_EMPTY_BODY = YES;
				CLANG_WARN_ENUM_CONVERSION = YES;
				CLANG_WARN_INFINITE_RECURSION = YES;
				CLANG_WARN_INT_CONVERSION = YES;
				CLANG_WARN_NON_LITERAL_NULL_CONVERSION = YES;
				CLANG_WARN_OBJC_IMPLICIT_RETAIN_SELF = YES;
				CLANG_WARN_OBJC_LITERAL_CONVERSION = YES;
				CLANG_WARN_OBJC_ROOT_CLASS = YES_ERROR;
				CLANG_WARN_QUOTED_INCLUDE_IN_FRAMEWORK_HEADER = YES;
				CLANG_WARN_RANGE_LOOP_ANALYSIS = YES;
				CLANG_WARN_STRICT_PROTOTYPES = YES;
				CLANG_WARN_SUSPICIOUS_MOVE = YES;
				CLANG_WARN_UNGUARDED_AVAILABILITY = YES_AGGRESSIVE;
				CLANG_WARN_UNREACHABLE_CODE = YES;
				CLANG_WARN__DUPLICATE_METHOD_MATCH = YES;
				COPY_PHASE_STRIP = NO;
				DEBUG_INFORMATION_FORMAT = "dwarf-with-dsym";
				ENABLE_NS_ASSERTIONS = NO;
				ENABLE_STRICT_OBJC_MSGSEND = YES;
				ENABLE_USER_SCRIPT_SANDBOXING = YES;
				GCC_C_LANGUAGE_STANDARD = gnu17;
				GCC_NO_COMMON_BLOCKS = YES;
				GCC_WARN_64_TO_32_BIT_CONVERSION = YES;
				GCC_WARN_ABOUT_RETURN_TYPE = YES_ERROR;
				GCC_WARN_UNDECLARED_SELECTOR = YES;
				GCC_WARN_UNINITIALIZED_AUTOS = YES_AGGRESSIVE;
				GCC_WARN_UNUSED_FUNCTION = YES;
				GCC_WARN_UNUSED_VARIABLE = YES;
				LOCALIZATION_PREFERS_STRING_CATALOGS = YES;
				MACOSX_DEPLOYMENT_TARGET = 14.4;
				MTL_ENABLE_DEBUG_INFO = NO;
				MTL_FAST_MATH = YES;
				SDKROOT = macosx;
				SWIFT_COMPILATION_MODE = wholemodule;
			};
			name = Release;
		};
		38257ED92C4EB84C00D3256F /* Debug */ = {
			isa = XCBuildConfiguration;
			buildSettings = {
				ASSETCATALOG_COMPILER_APPICON_NAME = AppIcon;
				ASSETCATALOG_COMPILER_GLOBAL_ACCENT_COLOR_NAME = AccentColor;
				CODE_SIGN_ENTITLEMENTS = "map-app-macos/map_app_macos.entitlements";
				CODE_SIGN_STYLE = Automatic;
				COMBINE_HIDPI_IMAGES = YES;
				CURRENT_PROJECT_VERSION = 1;
				DEVELOPMENT_ASSET_PATHS = "\"map-app-macos/Preview Content\"";
				DEVELOPMENT_TEAM = MMXH24PBRA;
				ENABLE_HARDENED_RUNTIME = YES;
				ENABLE_PREVIEWS = YES;
				ENABLE_USER_SCRIPT_SANDBOXING = NO;
				GENERATE_INFOPLIST_FILE = YES;
				INFOPLIST_KEY_NSHumanReadableCopyright = "";
				INFOPLIST_KEY_NSLocationAlwaysAndWhenInUseUsageDescription = "This application needs your location to work.";
				INFOPLIST_KEY_NSLocationWhenInUseUsageDescription = "This app needs to know your location";
				LD_RUNPATH_SEARCH_PATHS = (
					"$(inherited)",
					"@executable_path/../Frameworks",
				);
				MARKETING_VERSION = 1.0;
				NEW_SETTING = "";
				PRODUCT_BUNDLE_IDENTIFIER = "com.Damien-Thompson.map-app-macos";
				PRODUCT_NAME = "$(TARGET_NAME)";
				SWIFT_EMIT_LOC_STRINGS = YES;
				SWIFT_VERSION = 5.0;
			};
			name = Debug;
		};
		38257EDA2C4EB84C00D3256F /* Release */ = {
			isa = XCBuildConfiguration;
			buildSettings = {
				ASSETCATALOG_COMPILER_APPICON_NAME = AppIcon;
				ASSETCATALOG_COMPILER_GLOBAL_ACCENT_COLOR_NAME = AccentColor;
				CODE_SIGN_ENTITLEMENTS = "map-app-macos/map_app_macos.entitlements";
				CODE_SIGN_STYLE = Automatic;
				COMBINE_HIDPI_IMAGES = YES;
				CURRENT_PROJECT_VERSION = 1;
				DEVELOPMENT_ASSET_PATHS = "\"map-app-macos/Preview Content\"";
				DEVELOPMENT_TEAM = MMXH24PBRA;
				ENABLE_HARDENED_RUNTIME = YES;
				ENABLE_PREVIEWS = YES;
				ENABLE_USER_SCRIPT_SANDBOXING = NO;
				GENERATE_INFOPLIST_FILE = YES;
				INFOPLIST_KEY_NSHumanReadableCopyright = "";
				INFOPLIST_KEY_NSLocationAlwaysAndWhenInUseUsageDescription = "This application needs your location to work.";
				INFOPLIST_KEY_NSLocationWhenInUseUsageDescription = "This app needs to know your location";
				LD_RUNPATH_SEARCH_PATHS = (
					"$(inherited)",
					"@executable_path/../Frameworks",
				);
				MARKETING_VERSION = 1.0;
				NEW_SETTING = "";
				PRODUCT_BUNDLE_IDENTIFIER = "com.Damien-Thompson.map-app-macos";
				PRODUCT_NAME = "$(TARGET_NAME)";
				SWIFT_EMIT_LOC_STRINGS = YES;
				SWIFT_VERSION = 5.0;
			};
			name = Release;
		};
/* End XCBuildConfiguration section */

/* Begin XCConfigurationList section */
		38257EC42C4EB84B00D3256F /* Build configuration list for PBXProject "map-app-macos" */ = {
			isa = XCConfigurationList;
			buildConfigurations = (
				38257ED62C4EB84C00D3256F /* Debug */,
				38257ED72C4EB84C00D3256F /* Release */,
			);
			defaultConfigurationIsVisible = 0;
			defaultConfigurationName = Release;
		};
		38257ED82C4EB84C00D3256F /* Build configuration list for PBXNativeTarget "map-app-macos" */ = {
			isa = XCConfigurationList;
			buildConfigurations = (
				38257ED92C4EB84C00D3256F /* Debug */,
				38257EDA2C4EB84C00D3256F /* Release */,
			);
			defaultConfigurationIsVisible = 0;
			defaultConfigurationName = Release;
		};
/* End XCConfigurationList section */
	};
	rootObject = 38257EC12C4EB84B00D3256F /* Project object */;
}
